
Microsoft Visual Studio Solution File, Format Version 12.00
# Visual Studio Version 17
VisualStudioVersion = 17.1.32421.90
MinimumVisualStudioVersion = 10.0.40219.1
Project("{FAE04EC0-301F-11D3-BF4B-00C04F79EFBC}") = "Exemplo18 Salario", "Exemplo18 Salario.csproj", "{B8FEF3F5-52F2-4D55-A982-A32DB2326236}"
EndProject
Global
	GlobalSection(SolutionConfigurationPlatforms) = preSolution
		Debug|Any CPU = Debug|Any CPU
		Release|Any CPU = Release|Any CPU
	EndGlobalSection
	GlobalSection(ProjectConfigurationPlatforms) = postSolution
		{B8FEF3F5-52F2-4D55-A982-A32DB2326236}.Debug|Any CPU.ActiveCfg = Debug|Any CPU
		{B8FEF3F5-52F2-4D55-A982-A32DB2326236}.Debug|Any CPU.Build.0 = Debug|Any CPU
		{B8FEF3F5-52F2-4D55-A982-A32DB2326236}.Release|Any CPU.ActiveCfg = Release|Any CPU
		{B8FEF3F5-52F2-4D55-A982-A32DB2326236}.Release|Any CPU.Build.0 = Release|Any CPU
	EndGlobalSection
	GlobalSection(SolutionProperties) = preSolution
		HideSolutionNode = FALSE
	EndGlobalSection
	GlobalSection(ExtensibilityGlobals) = postSolution
		SolutionGuid = {D4FB8EA8-9226-4E16-BA54-09F59AF73E18}
	EndGlobalSection
EndGlobal
