
Microsoft Visual Studio Solution File, Format Version 12.00
# Visual Studio Version 17
VisualStudioVersion = 17.1.32421.90
MinimumVisualStudioVersion = 10.0.40219.1
Project("{FAE04EC0-301F-11D3-BF4B-00C04F79EFBC}") = "Exercicio01_Repeticao", "Exercicio01_Repeticao.csproj", "{26848862-86C2-4F73-B638-7B5C76306DE2}"
EndProject
Global
	GlobalSection(SolutionConfigurationPlatforms) = preSolution
		Debug|Any CPU = Debug|Any CPU
		Release|Any CPU = Release|Any CPU
	EndGlobalSection
	GlobalSection(ProjectConfigurationPlatforms) = postSolution
		{26848862-86C2-4F73-B638-7B5C76306DE2}.Debug|Any CPU.ActiveCfg = Debug|Any CPU
		{26848862-86C2-4F73-B638-7B5C76306DE2}.Debug|Any CPU.Build.0 = Debug|Any CPU
		{26848862-86C2-4F73-B638-7B5C76306DE2}.Release|Any CPU.ActiveCfg = Release|Any CPU
		{26848862-86C2-4F73-B638-7B5C76306DE2}.Release|Any CPU.Build.0 = Release|Any CPU
	EndGlobalSection
	GlobalSection(SolutionProperties) = preSolution
		HideSolutionNode = FALSE
	EndGlobalSection
	GlobalSection(ExtensibilityGlobals) = postSolution
		SolutionGuid = {C692A343-8BB6-4F8C-9FE1-6A7190E8F726}
	EndGlobalSection
EndGlobal
