
Microsoft Visual Studio Solution File, Format Version 12.00
# Visual Studio Version 17
VisualStudioVersion = 17.1.32421.90
MinimumVisualStudioVersion = 10.0.40219.1
Project("{FAE04EC0-301F-11D3-BF4B-00C04F79EFBC}") = "ConsoleApp1", "ConsoleApp1\ConsoleApp1.csproj", "{03BFDCE9-4E85-4800-B081-6C492E8B552F}"
EndProject
Global
	GlobalSection(SolutionConfigurationPlatforms) = preSolution
		Debug|Any CPU = Debug|Any CPU
		Release|Any CPU = Release|Any CPU
	EndGlobalSection
	GlobalSection(ProjectConfigurationPlatforms) = postSolution
		{03BFDCE9-4E85-4800-B081-6C492E8B552F}.Debug|Any CPU.ActiveCfg = Debug|Any CPU
		{03BFDCE9-4E85-4800-B081-6C492E8B552F}.Debug|Any CPU.Build.0 = Debug|Any CPU
		{03BFDCE9-4E85-4800-B081-6C492E8B552F}.Release|Any CPU.ActiveCfg = Release|Any CPU
		{03BFDCE9-4E85-4800-B081-6C492E8B552F}.Release|Any CPU.Build.0 = Release|Any CPU
	EndGlobalSection
	GlobalSection(SolutionProperties) = preSolution
		HideSolutionNode = FALSE
	EndGlobalSection
	GlobalSection(ExtensibilityGlobals) = postSolution
		SolutionGuid = {854F7C59-B03D-4A7C-AD92-9878B5947A9A}
	EndGlobalSection
EndGlobal
