
Microsoft Visual Studio Solution File, Format Version 12.00
# Visual Studio Version 17
VisualStudioVersion = 17.1.32421.90
MinimumVisualStudioVersion = 10.0.40219.1
Project("{FAE04EC0-301F-11D3-BF4B-00C04F79EFBC}") = "WindowsFormAppDesafioGaragem", "WindowsFormAppDesafioGaragem\WindowsFormAppDesafioGaragem.csproj", "{B8F3050D-D2F8-45AF-9B69-AD1178D8CC0D}"
EndProject
Global
	GlobalSection(SolutionConfigurationPlatforms) = preSolution
		Debug|Any CPU = Debug|Any CPU
		Release|Any CPU = Release|Any CPU
	EndGlobalSection
	GlobalSection(ProjectConfigurationPlatforms) = postSolution
		{B8F3050D-D2F8-45AF-9B69-AD1178D8CC0D}.Debug|Any CPU.ActiveCfg = Debug|Any CPU
		{B8F3050D-D2F8-45AF-9B69-AD1178D8CC0D}.Debug|Any CPU.Build.0 = Debug|Any CPU
		{B8F3050D-D2F8-45AF-9B69-AD1178D8CC0D}.Release|Any CPU.ActiveCfg = Release|Any CPU
		{B8F3050D-D2F8-45AF-9B69-AD1178D8CC0D}.Release|Any CPU.Build.0 = Release|Any CPU
	EndGlobalSection
	GlobalSection(SolutionProperties) = preSolution
		HideSolutionNode = FALSE
	EndGlobalSection
	GlobalSection(ExtensibilityGlobals) = postSolution
		SolutionGuid = {777E37CD-E4A7-4B76-8D0B-5C8E9122901B}
	EndGlobalSection
EndGlobal
