
Microsoft Visual Studio Solution File, Format Version 12.00
# Visual Studio Version 17
VisualStudioVersion = 17.1.32421.90
MinimumVisualStudioVersion = 10.0.40219.1
Project("{FAE04EC0-301F-11D3-BF4B-00C04F79EFBC}") = "Garagem2", "Garagem2.csproj", "{E7C94A02-8642-4D95-85CB-DA3ED3478CE7}"
EndProject
Global
	GlobalSection(SolutionConfigurationPlatforms) = preSolution
		Debug|Any CPU = Debug|Any CPU
		Release|Any CPU = Release|Any CPU
	EndGlobalSection
	GlobalSection(ProjectConfigurationPlatforms) = postSolution
		{E7C94A02-8642-4D95-85CB-DA3ED3478CE7}.Debug|Any CPU.ActiveCfg = Debug|Any CPU
		{E7C94A02-8642-4D95-85CB-DA3ED3478CE7}.Debug|Any CPU.Build.0 = Debug|Any CPU
		{E7C94A02-8642-4D95-85CB-DA3ED3478CE7}.Release|Any CPU.ActiveCfg = Release|Any CPU
		{E7C94A02-8642-4D95-85CB-DA3ED3478CE7}.Release|Any CPU.Build.0 = Release|Any CPU
	EndGlobalSection
	GlobalSection(SolutionProperties) = preSolution
		HideSolutionNode = FALSE
	EndGlobalSection
	GlobalSection(ExtensibilityGlobals) = postSolution
		SolutionGuid = {CA5D473E-44AE-4E30-AA8A-C4D12FB4D6BA}
	EndGlobalSection
EndGlobal
