
Microsoft Visual Studio Solution File, Format Version 12.00
# Visual Studio Version 17
VisualStudioVersion = 17.1.32421.90
MinimumVisualStudioVersion = 10.0.40219.1
Project("{FAE04EC0-301F-11D3-BF4B-00C04F79EFBC}") = "CadastroUsuario", "CadastroUsuario\CadastroUsuario.csproj", "{21189BC9-386F-4B08-9A2D-756CED0BDD1B}"
EndProject
Global
	GlobalSection(SolutionConfigurationPlatforms) = preSolution
		Debug|Any CPU = Debug|Any CPU
		Release|Any CPU = Release|Any CPU
	EndGlobalSection
	GlobalSection(ProjectConfigurationPlatforms) = postSolution
		{21189BC9-386F-4B08-9A2D-756CED0BDD1B}.Debug|Any CPU.ActiveCfg = Debug|Any CPU
		{21189BC9-386F-4B08-9A2D-756CED0BDD1B}.Debug|Any CPU.Build.0 = Debug|Any CPU
		{21189BC9-386F-4B08-9A2D-756CED0BDD1B}.Release|Any CPU.ActiveCfg = Release|Any CPU
		{21189BC9-386F-4B08-9A2D-756CED0BDD1B}.Release|Any CPU.Build.0 = Release|Any CPU
	EndGlobalSection
	GlobalSection(SolutionProperties) = preSolution
		HideSolutionNode = FALSE
	EndGlobalSection
	GlobalSection(ExtensibilityGlobals) = postSolution
		SolutionGuid = {DB22ADD1-16BD-4CBF-96AC-B96382592F78}
	EndGlobalSection
EndGlobal
