
Microsoft Visual Studio Solution File, Format Version 12.00
# Visual Studio Version 17
VisualStudioVersion = 17.1.32421.90
MinimumVisualStudioVersion = 10.0.40219.1
Project("{FAE04EC0-301F-11D3-BF4B-00C04F79EFBC}") = "Divisao", "Divisao.csproj", "{C3520A4E-B0C8-4953-ABA8-2349A28CBF3C}"
EndProject
Global
	GlobalSection(SolutionConfigurationPlatforms) = preSolution
		Debug|Any CPU = Debug|Any CPU
		Release|Any CPU = Release|Any CPU
	EndGlobalSection
	GlobalSection(ProjectConfigurationPlatforms) = postSolution
		{C3520A4E-B0C8-4953-ABA8-2349A28CBF3C}.Debug|Any CPU.ActiveCfg = Debug|Any CPU
		{C3520A4E-B0C8-4953-ABA8-2349A28CBF3C}.Debug|Any CPU.Build.0 = Debug|Any CPU
		{C3520A4E-B0C8-4953-ABA8-2349A28CBF3C}.Release|Any CPU.ActiveCfg = Release|Any CPU
		{C3520A4E-B0C8-4953-ABA8-2349A28CBF3C}.Release|Any CPU.Build.0 = Release|Any CPU
	EndGlobalSection
	GlobalSection(SolutionProperties) = preSolution
		HideSolutionNode = FALSE
	EndGlobalSection
	GlobalSection(ExtensibilityGlobals) = postSolution
		SolutionGuid = {D34E03EF-7E96-40F8-967E-31A1A876566A}
	EndGlobalSection
EndGlobal
