
Microsoft Visual Studio Solution File, Format Version 12.00
# Visual Studio Version 17
VisualStudioVersion = 17.1.32421.90
MinimumVisualStudioVersion = 10.0.40219.1
Project("{9A19103F-16F7-4668-BE54-9A1E7A4F7556}") = "CadastroSimples", "CadastroSimples\CadastroSimples.csproj", "{44F1FD1B-9F04-49AC-9739-529440FE8775}"
EndProject
Project("{2150E333-8FDC-42A3-9474-1A3956D46DE8}") = "Solution Items", "Solution Items", "{34C1AFF5-50A4-4F76-8E54-549A612A5DC1}"
	ProjectSection(SolutionItems) = preProject
		App.config = App.config
	EndProjectSection
EndProject
Global
	GlobalSection(SolutionConfigurationPlatforms) = preSolution
		Debug|Any CPU = Debug|Any CPU
		Release|Any CPU = Release|Any CPU
	EndGlobalSection
	GlobalSection(ProjectConfigurationPlatforms) = postSolution
		{44F1FD1B-9F04-49AC-9739-529440FE8775}.Debug|Any CPU.ActiveCfg = Debug|Any CPU
		{44F1FD1B-9F04-49AC-9739-529440FE8775}.Debug|Any CPU.Build.0 = Debug|Any CPU
		{44F1FD1B-9F04-49AC-9739-529440FE8775}.Release|Any CPU.ActiveCfg = Release|Any CPU
		{44F1FD1B-9F04-49AC-9739-529440FE8775}.Release|Any CPU.Build.0 = Release|Any CPU
	EndGlobalSection
	GlobalSection(SolutionProperties) = preSolution
		HideSolutionNode = FALSE
	EndGlobalSection
	GlobalSection(ExtensibilityGlobals) = postSolution
		SolutionGuid = {09E43984-A0E7-4B6A-91B5-37E470022E75}
	EndGlobalSection
EndGlobal
