
Microsoft Visual Studio Solution File, Format Version 12.00
# Visual Studio Version 17
VisualStudioVersion = 17.1.32421.90
MinimumVisualStudioVersion = 10.0.40219.1
Project("{FAE04EC0-301F-11D3-BF4B-00C04F79EFBC}") = "Exercicio5", "Exercicio5.csproj", "{D3B68F95-73F1-458D-9B67-CD930096B1E5}"
EndProject
Global
	GlobalSection(SolutionConfigurationPlatforms) = preSolution
		Debug|Any CPU = Debug|Any CPU
		Release|Any CPU = Release|Any CPU
	EndGlobalSection
	GlobalSection(ProjectConfigurationPlatforms) = postSolution
		{D3B68F95-73F1-458D-9B67-CD930096B1E5}.Debug|Any CPU.ActiveCfg = Debug|Any CPU
		{D3B68F95-73F1-458D-9B67-CD930096B1E5}.Debug|Any CPU.Build.0 = Debug|Any CPU
		{D3B68F95-73F1-458D-9B67-CD930096B1E5}.Release|Any CPU.ActiveCfg = Release|Any CPU
		{D3B68F95-73F1-458D-9B67-CD930096B1E5}.Release|Any CPU.Build.0 = Release|Any CPU
	EndGlobalSection
	GlobalSection(SolutionProperties) = preSolution
		HideSolutionNode = FALSE
	EndGlobalSection
	GlobalSection(ExtensibilityGlobals) = postSolution
		SolutionGuid = {EC1148C0-78D8-484F-A23E-4FE7FB7C8114}
	EndGlobalSection
EndGlobal
