
Microsoft Visual Studio Solution File, Format Version 12.00
# Visual Studio Version 17
VisualStudioVersion = 17.1.32421.90
MinimumVisualStudioVersion = 10.0.40219.1
Project("{FAE04EC0-301F-11D3-BF4B-00C04F79EFBC}") = "WFCriptografia", "WFCriptografia\WFCriptografia.csproj", "{57C49167-3DCE-4458-A712-8146D8D3EA2B}"
EndProject
Global
	GlobalSection(SolutionConfigurationPlatforms) = preSolution
		Debug|Any CPU = Debug|Any CPU
		Release|Any CPU = Release|Any CPU
	EndGlobalSection
	GlobalSection(ProjectConfigurationPlatforms) = postSolution
		{57C49167-3DCE-4458-A712-8146D8D3EA2B}.Debug|Any CPU.ActiveCfg = Debug|Any CPU
		{57C49167-3DCE-4458-A712-8146D8D3EA2B}.Debug|Any CPU.Build.0 = Debug|Any CPU
		{57C49167-3DCE-4458-A712-8146D8D3EA2B}.Release|Any CPU.ActiveCfg = Release|Any CPU
		{57C49167-3DCE-4458-A712-8146D8D3EA2B}.Release|Any CPU.Build.0 = Release|Any CPU
	EndGlobalSection
	GlobalSection(SolutionProperties) = preSolution
		HideSolutionNode = FALSE
	EndGlobalSection
	GlobalSection(ExtensibilityGlobals) = postSolution
		SolutionGuid = {A4309A9D-6464-422D-BF8E-EF289490B792}
	EndGlobalSection
EndGlobal
