
Microsoft Visual Studio Solution File, Format Version 12.00
# Visual Studio Version 17
VisualStudioVersion = 17.1.32421.90
MinimumVisualStudioVersion = 10.0.40219.1
Project("{FAE04EC0-301F-11D3-BF4B-00C04F79EFBC}") = "Exercicio8", "Exercicio8.csproj", "{C222AA10-C0B6-45B2-B67E-D1BE837B8F05}"
EndProject
Global
	GlobalSection(SolutionConfigurationPlatforms) = preSolution
		Debug|Any CPU = Debug|Any CPU
		Release|Any CPU = Release|Any CPU
	EndGlobalSection
	GlobalSection(ProjectConfigurationPlatforms) = postSolution
		{C222AA10-C0B6-45B2-B67E-D1BE837B8F05}.Debug|Any CPU.ActiveCfg = Debug|Any CPU
		{C222AA10-C0B6-45B2-B67E-D1BE837B8F05}.Debug|Any CPU.Build.0 = Debug|Any CPU
		{C222AA10-C0B6-45B2-B67E-D1BE837B8F05}.Release|Any CPU.ActiveCfg = Release|Any CPU
		{C222AA10-C0B6-45B2-B67E-D1BE837B8F05}.Release|Any CPU.Build.0 = Release|Any CPU
	EndGlobalSection
	GlobalSection(SolutionProperties) = preSolution
		HideSolutionNode = FALSE
	EndGlobalSection
	GlobalSection(ExtensibilityGlobals) = postSolution
		SolutionGuid = {15F8C090-094C-45D7-B136-45AE05443D65}
	EndGlobalSection
EndGlobal
