
Microsoft Visual Studio Solution File, Format Version 12.00
# Visual Studio Version 17
VisualStudioVersion = 17.1.32421.90
MinimumVisualStudioVersion = 10.0.40219.1
Project("{FAE04EC0-301F-11D3-BF4B-00C04F79EFBC}") = "16_WinFormsAppSerializadorSOAP", "16_WinFormsAppSerializadorSOAP\16_WinFormsAppSerializadorSOAP.csproj", "{6274487C-414B-430E-806B-5BC83166E26E}"
EndProject
Global
	GlobalSection(SolutionConfigurationPlatforms) = preSolution
		Debug|Any CPU = Debug|Any CPU
		Release|Any CPU = Release|Any CPU
	EndGlobalSection
	GlobalSection(ProjectConfigurationPlatforms) = postSolution
		{6274487C-414B-430E-806B-5BC83166E26E}.Debug|Any CPU.ActiveCfg = Debug|Any CPU
		{6274487C-414B-430E-806B-5BC83166E26E}.Debug|Any CPU.Build.0 = Debug|Any CPU
		{6274487C-414B-430E-806B-5BC83166E26E}.Release|Any CPU.ActiveCfg = Release|Any CPU
		{6274487C-414B-430E-806B-5BC83166E26E}.Release|Any CPU.Build.0 = Release|Any CPU
	EndGlobalSection
	GlobalSection(SolutionProperties) = preSolution
		HideSolutionNode = FALSE
	EndGlobalSection
	GlobalSection(ExtensibilityGlobals) = postSolution
		SolutionGuid = {29486C95-BC8F-45D4-AA20-5DE889B44EE0}
	EndGlobalSection
EndGlobal
