
Microsoft Visual Studio Solution File, Format Version 12.00
# Visual Studio Version 17
VisualStudioVersion = 17.1.32421.90
MinimumVisualStudioVersion = 10.0.40219.1
Project("{FAE04EC0-301F-11D3-BF4B-00C04F79EFBC}") = "TesteEnviar", "TesteEnviar.csproj", "{77F4B76B-701A-4224-A488-7BE802E1CCA5}"
EndProject
Global
	GlobalSection(SolutionConfigurationPlatforms) = preSolution
		Debug|Any CPU = Debug|Any CPU
		Release|Any CPU = Release|Any CPU
	EndGlobalSection
	GlobalSection(ProjectConfigurationPlatforms) = postSolution
		{77F4B76B-701A-4224-A488-7BE802E1CCA5}.Debug|Any CPU.ActiveCfg = Debug|Any CPU
		{77F4B76B-701A-4224-A488-7BE802E1CCA5}.Debug|Any CPU.Build.0 = Debug|Any CPU
		{77F4B76B-701A-4224-A488-7BE802E1CCA5}.Release|Any CPU.ActiveCfg = Release|Any CPU
		{77F4B76B-701A-4224-A488-7BE802E1CCA5}.Release|Any CPU.Build.0 = Release|Any CPU
	EndGlobalSection
	GlobalSection(SolutionProperties) = preSolution
		HideSolutionNode = FALSE
	EndGlobalSection
	GlobalSection(ExtensibilityGlobals) = postSolution
		SolutionGuid = {195D5C25-2B3E-40C4-9525-468E258F7056}
	EndGlobalSection
EndGlobal
