
Microsoft Visual Studio Solution File, Format Version 12.00
# Visual Studio Version 17
VisualStudioVersion = 17.1.32421.90
MinimumVisualStudioVersion = 10.0.40219.1
Project("{FAE04EC0-301F-11D3-BF4B-00C04F79EFBC}") = "Exercicio4_Horas_Aulas", "Exercicio4_Horas_Aulas.csproj", "{C56B9A87-8135-403C-8C2B-FA62E7DD9DC7}"
EndProject
Global
	GlobalSection(SolutionConfigurationPlatforms) = preSolution
		Debug|Any CPU = Debug|Any CPU
		Release|Any CPU = Release|Any CPU
	EndGlobalSection
	GlobalSection(ProjectConfigurationPlatforms) = postSolution
		{C56B9A87-8135-403C-8C2B-FA62E7DD9DC7}.Debug|Any CPU.ActiveCfg = Debug|Any CPU
		{C56B9A87-8135-403C-8C2B-FA62E7DD9DC7}.Debug|Any CPU.Build.0 = Debug|Any CPU
		{C56B9A87-8135-403C-8C2B-FA62E7DD9DC7}.Release|Any CPU.ActiveCfg = Release|Any CPU
		{C56B9A87-8135-403C-8C2B-FA62E7DD9DC7}.Release|Any CPU.Build.0 = Release|Any CPU
	EndGlobalSection
	GlobalSection(SolutionProperties) = preSolution
		HideSolutionNode = FALSE
	EndGlobalSection
	GlobalSection(ExtensibilityGlobals) = postSolution
		SolutionGuid = {0651EC6A-C354-45F6-B91B-E3DA8BA658DE}
	EndGlobalSection
EndGlobal
