
Microsoft Visual Studio Solution File, Format Version 12.00
# Visual Studio Version 17
VisualStudioVersion = 17.1.32421.90
MinimumVisualStudioVersion = 10.0.40219.1
Project("{FAE04EC0-301F-11D3-BF4B-00C04F79EFBC}") = "Exercicio10 Nome Idade Altura", "Exercicio10 Nome Idade Altura.csproj", "{9A362954-368B-41F6-BDBD-CBB9C65E51E7}"
EndProject
Global
	GlobalSection(SolutionConfigurationPlatforms) = preSolution
		Debug|Any CPU = Debug|Any CPU
		Release|Any CPU = Release|Any CPU
	EndGlobalSection
	GlobalSection(ProjectConfigurationPlatforms) = postSolution
		{9A362954-368B-41F6-BDBD-CBB9C65E51E7}.Debug|Any CPU.ActiveCfg = Debug|Any CPU
		{9A362954-368B-41F6-BDBD-CBB9C65E51E7}.Debug|Any CPU.Build.0 = Debug|Any CPU
		{9A362954-368B-41F6-BDBD-CBB9C65E51E7}.Release|Any CPU.ActiveCfg = Release|Any CPU
		{9A362954-368B-41F6-BDBD-CBB9C65E51E7}.Release|Any CPU.Build.0 = Release|Any CPU
	EndGlobalSection
	GlobalSection(SolutionProperties) = preSolution
		HideSolutionNode = FALSE
	EndGlobalSection
	GlobalSection(ExtensibilityGlobals) = postSolution
		SolutionGuid = {4DB41525-1233-4A2C-B199-B4008C867FF5}
	EndGlobalSection
EndGlobal
