
Microsoft Visual Studio Solution File, Format Version 12.00
# Visual Studio Version 17
VisualStudioVersion = 17.1.32421.90
MinimumVisualStudioVersion = 10.0.40219.1
Project("{FAE04EC0-301F-11D3-BF4B-00C04F79EFBC}") = "Exercicio13", "Exercicio13.csproj", "{E7D23210-65DB-484B-AC93-134918841DB0}"
EndProject
Global
	GlobalSection(SolutionConfigurationPlatforms) = preSolution
		Debug|Any CPU = Debug|Any CPU
		Release|Any CPU = Release|Any CPU
	EndGlobalSection
	GlobalSection(ProjectConfigurationPlatforms) = postSolution
		{E7D23210-65DB-484B-AC93-134918841DB0}.Debug|Any CPU.ActiveCfg = Debug|Any CPU
		{E7D23210-65DB-484B-AC93-134918841DB0}.Debug|Any CPU.Build.0 = Debug|Any CPU
		{E7D23210-65DB-484B-AC93-134918841DB0}.Release|Any CPU.ActiveCfg = Release|Any CPU
		{E7D23210-65DB-484B-AC93-134918841DB0}.Release|Any CPU.Build.0 = Release|Any CPU
	EndGlobalSection
	GlobalSection(SolutionProperties) = preSolution
		HideSolutionNode = FALSE
	EndGlobalSection
	GlobalSection(ExtensibilityGlobals) = postSolution
		SolutionGuid = {0F2170C6-0A6B-43BC-B761-9B1B78A034FC}
	EndGlobalSection
EndGlobal
