
Microsoft Visual Studio Solution File, Format Version 12.00
# Visual Studio Version 17
VisualStudioVersion = 17.1.32421.90
MinimumVisualStudioVersion = 10.0.40219.1
Project("{FAE04EC0-301F-11D3-BF4B-00C04F79EFBC}") = "Exercicio_01", "Exercicio_01.csproj", "{BDE30751-900C-4B98-8023-241CC8E8755E}"
EndProject
Global
	GlobalSection(SolutionConfigurationPlatforms) = preSolution
		Debug|Any CPU = Debug|Any CPU
		Release|Any CPU = Release|Any CPU
	EndGlobalSection
	GlobalSection(ProjectConfigurationPlatforms) = postSolution
		{BDE30751-900C-4B98-8023-241CC8E8755E}.Debug|Any CPU.ActiveCfg = Debug|Any CPU
		{BDE30751-900C-4B98-8023-241CC8E8755E}.Debug|Any CPU.Build.0 = Debug|Any CPU
		{BDE30751-900C-4B98-8023-241CC8E8755E}.Release|Any CPU.ActiveCfg = Release|Any CPU
		{BDE30751-900C-4B98-8023-241CC8E8755E}.Release|Any CPU.Build.0 = Release|Any CPU
	EndGlobalSection
	GlobalSection(SolutionProperties) = preSolution
		HideSolutionNode = FALSE
	EndGlobalSection
	GlobalSection(ExtensibilityGlobals) = postSolution
		SolutionGuid = {2FFF3462-228C-42FB-9946-944807F887F0}
	EndGlobalSection
EndGlobal
